
Microsoft Visual Studio Solution File, Format Version 12.00
Project("{FAE04EC0-301F-11D3-BF4B-00C04F79EFBC}") = "PhotoCatalogue.WebApp", "PhotoCatalogue.WebApp\PhotoCatalogue.WebApp.csproj", "{0395C1F6-585C-4344-A24F-DD5E2A35D226}"
EndProject
Global
	GlobalSection(SolutionConfigurationPlatforms) = preSolution
		Debug|Any CPU = Debug|Any CPU
		Release|Any CPU = Release|Any CPU
	EndGlobalSection
	GlobalSection(ProjectConfigurationPlatforms) = postSolution
		{0395C1F6-585C-4344-A24F-DD5E2A35D226}.Debug|Any CPU.ActiveCfg = Debug|Any CPU
		{0395C1F6-585C-4344-A24F-DD5E2A35D226}.Debug|Any CPU.Build.0 = Debug|Any CPU
		{0395C1F6-585C-4344-A24F-DD5E2A35D226}.Release|Any CPU.ActiveCfg = Release|Any CPU
		{0395C1F6-585C-4344-A24F-DD5E2A35D226}.Release|Any CPU.Build.0 = Release|Any CPU
	EndGlobalSection
EndGlobal
